
Microsoft Visual Studio Solution File, Format Version 12.00
# Visual Studio 15
VisualStudioVersion = 15.0.27703.2042
MinimumVisualStudioVersion = 10.0.40219.1
Project("{8BC9CEB8-8B4A-11D0-8D11-00A0C91BC942}") = "PerceptronFirstTry", "PerceptronFirstTry\PerceptronFirstTry.vcxproj", "{3A6A23B5-AEFB-4022-BA45-336721742455}"
EndProject
Project("{8BC9CEB8-8B4A-11D0-8D11-00A0C91BC942}") = "NNSuperBest", "NNSuperBest\NNSuperBest.vcxproj", "{1E1319A4-0EA2-41F8-9C33-74EBA288ED12}"
EndProject
Global
	GlobalSection(SolutionConfigurationPlatforms) = preSolution
		Debug|x64 = Debug|x64
		Debug|x86 = Debug|x86
		Release|x64 = Release|x64
		Release|x86 = Release|x86
	EndGlobalSection
	GlobalSection(ProjectConfigurationPlatforms) = postSolution
		{3A6A23B5-AEFB-4022-BA45-336721742455}.Debug|x64.ActiveCfg = Debug|x64
		{3A6A23B5-AEFB-4022-BA45-336721742455}.Debug|x64.Build.0 = Debug|x64
		{3A6A23B5-AEFB-4022-BA45-336721742455}.Debug|x86.ActiveCfg = Debug|Win32
		{3A6A23B5-AEFB-4022-BA45-336721742455}.Debug|x86.Build.0 = Debug|Win32
		{3A6A23B5-AEFB-4022-BA45-336721742455}.Release|x64.ActiveCfg = Release|x64
		{3A6A23B5-AEFB-4022-BA45-336721742455}.Release|x64.Build.0 = Release|x64
		{3A6A23B5-AEFB-4022-BA45-336721742455}.Release|x86.ActiveCfg = Release|Win32
		{3A6A23B5-AEFB-4022-BA45-336721742455}.Release|x86.Build.0 = Release|Win32
		{1E1319A4-0EA2-41F8-9C33-74EBA288ED12}.Debug|x64.ActiveCfg = Debug|x64
		{1E1319A4-0EA2-41F8-9C33-74EBA288ED12}.Debug|x64.Build.0 = Debug|x64
		{1E1319A4-0EA2-41F8-9C33-74EBA288ED12}.Debug|x86.ActiveCfg = Debug|Win32
		{1E1319A4-0EA2-41F8-9C33-74EBA288ED12}.Debug|x86.Build.0 = Debug|Win32
		{1E1319A4-0EA2-41F8-9C33-74EBA288ED12}.Release|x64.ActiveCfg = Release|x64
		{1E1319A4-0EA2-41F8-9C33-74EBA288ED12}.Release|x64.Build.0 = Release|x64
		{1E1319A4-0EA2-41F8-9C33-74EBA288ED12}.Release|x86.ActiveCfg = Release|Win32
		{1E1319A4-0EA2-41F8-9C33-74EBA288ED12}.Release|x86.Build.0 = Release|Win32
	EndGlobalSection
	GlobalSection(SolutionProperties) = preSolution
		HideSolutionNode = FALSE
	EndGlobalSection
	GlobalSection(ExtensibilityGlobals) = postSolution
		SolutionGuid = {872D0A6E-8C7F-4501-ADD0-8166A89DBC56}
	EndGlobalSection
EndGlobal
